
Microsoft Visual Studio Solution File, Format Version 12.00
# Visual Studio Version 17
VisualStudioVersion = 17.9.34701.34
MinimumVisualStudioVersion = 10.0.40219.1
Project("{FAE04EC0-301F-11D3-BF4B-00C04F79EFBC}") = "LogSearchApp", "LogSearchApp\LogSearchApp.csproj", "{B6901877-CC8C-4A28-BA45-73A4F75B09A4}"
EndProject
Project("{FAE04EC0-301F-11D3-BF4B-00C04F79EFBC}") = "LogSearchConsole", "LogSearchConsole\LogSearchConsole.csproj", "{20B60BF2-BF53-4FD0-A4C8-D485E4521128}"
EndProject
Global
	GlobalSection(SolutionConfigurationPlatforms) = preSolution
		Debug|Any CPU = Debug|Any CPU
		Release|Any CPU = Release|Any CPU
	EndGlobalSection
	GlobalSection(ProjectConfigurationPlatforms) = postSolution
		{B6901877-CC8C-4A28-BA45-73A4F75B09A4}.Debug|Any CPU.ActiveCfg = Debug|Any CPU
		{B6901877-CC8C-4A28-BA45-73A4F75B09A4}.Debug|Any CPU.Build.0 = Debug|Any CPU
		{B6901877-CC8C-4A28-BA45-73A4F75B09A4}.Release|Any CPU.ActiveCfg = Release|Any CPU
		{B6901877-CC8C-4A28-BA45-73A4F75B09A4}.Release|Any CPU.Build.0 = Release|Any CPU
		{20B60BF2-BF53-4FD0-A4C8-D485E4521128}.Debug|Any CPU.ActiveCfg = Debug|Any CPU
		{20B60BF2-BF53-4FD0-A4C8-D485E4521128}.Debug|Any CPU.Build.0 = Debug|Any CPU
		{20B60BF2-BF53-4FD0-A4C8-D485E4521128}.Release|Any CPU.ActiveCfg = Release|Any CPU
		{20B60BF2-BF53-4FD0-A4C8-D485E4521128}.Release|Any CPU.Build.0 = Release|Any CPU
	EndGlobalSection
	GlobalSection(SolutionProperties) = preSolution
		HideSolutionNode = FALSE
	EndGlobalSection
	GlobalSection(ExtensibilityGlobals) = postSolution
		SolutionGuid = {E62AD182-5C66-4BB2-8779-17D3871FCC57}
	EndGlobalSection
EndGlobal
